// !$*UTF8*$!
{
	archiveVersion = 1;
	classes = {
	};
	objectVersion = 56;
	objects = {

/* Begin PBXBuildFile section */
		3F26CFE22B15470C002BB761 /* StudentLocation.swift in Sources */ = {isa = PBXBuildFile; fileRef = 3F26CFE12B15470C002BB761 /* StudentLocation.swift */; };
		3F26CFE42B154A7C002BB761 /* MapViewController.swift in Sources */ = {isa = PBXBuildFile; fileRef = 3F26CFE32B154A7C002BB761 /* MapViewController.swift */; };
		3F26CFE62B154A96002BB761 /* LocationListViewController.swift in Sources */ = {isa = PBXBuildFile; fileRef = 3F26CFE52B154A96002BB761 /* LocationListViewController.swift */; };
		3F26CFE82B155518002BB761 /* PostingViewController.swift in Sources */ = {isa = PBXBuildFile; fileRef = 3F26CFE72B155518002BB761 /* PostingViewController.swift */; };
		3F7AFCB12B1E7818001883C5 /* UserSessionManager.swift in Sources */ = {isa = PBXBuildFile; fileRef = 3F7AFCB02B1E7818001883C5 /* UserSessionManager.swift */; };
		3F9336642B166376005F28F3 /* UdacityClient.swift in Sources */ = {isa = PBXBuildFile; fileRef = 3F9336632B166376005F28F3 /* UdacityClient.swift */; };
		3F9336692B1692E2005F28F3 /* SessionRequest.swift in Sources */ = {isa = PBXBuildFile; fileRef = 3F9336682B1692E2005F28F3 /* SessionRequest.swift */; };
		3F93366B2B1693AA005F28F3 /* SessionResponse.swift in Sources */ = {isa = PBXBuildFile; fileRef = 3F93366A2B1693AA005F28F3 /* SessionResponse.swift */; };
		3FB24FBB2B18FFFE00543F50 /* DataManager.swift in Sources */ = {isa = PBXBuildFile; fileRef = 3FB24FBA2B18FFFE00543F50 /* DataManager.swift */; };
		3FB24FBE2B196BAF00543F50 /* StudentInformationResponse.swift in Sources */ = {isa = PBXBuildFile; fileRef = 3FB24FBD2B196BAF00543F50 /* StudentInformationResponse.swift */; };
		3FB389492B0D4326006CAD3E /* AppDelegate.swift in Sources */ = {isa = PBXBuildFile; fileRef = 3FB389482B0D4326006CAD3E /* AppDelegate.swift */; };
		3FB3894B2B0D4326006CAD3E /* SceneDelegate.swift in Sources */ = {isa = PBXBuildFile; fileRef = 3FB3894A2B0D4326006CAD3E /* SceneDelegate.swift */; };
		3FB3894D2B0D4326006CAD3E /* ViewController.swift in Sources */ = {isa = PBXBuildFile; fileRef = 3FB3894C2B0D4326006CAD3E /* ViewController.swift */; };
		3FB389502B0D4326006CAD3E /* Main.storyboard in Resources */ = {isa = PBXBuildFile; fileRef = 3FB3894E2B0D4326006CAD3E /* Main.storyboard */; };
		3FB389522B0D4328006CAD3E /* Assets.xcassets in Resources */ = {isa = PBXBuildFile; fileRef = 3FB389512B0D4328006CAD3E /* Assets.xcassets */; };
		3FB389552B0D4328006CAD3E /* LaunchScreen.storyboard in Resources */ = {isa = PBXBuildFile; fileRef = 3FB389532B0D4328006CAD3E /* LaunchScreen.storyboard */; };
		3FB389602B0E8235006CAD3E /* LoginViewController.swift in Sources */ = {isa = PBXBuildFile; fileRef = 3FB3895F2B0E8235006CAD3E /* LoginViewController.swift */; };
		3FB389622B0E8495006CAD3E /* earth.png in Resources */ = {isa = PBXBuildFile; fileRef = 3FB389612B0E8495006CAD3E /* earth.png */; };
		3FECDE6D2B164CB30042046C /* GeoCodingViewController.swift in Sources */ = {isa = PBXBuildFile; fileRef = 3FECDE6C2B164CB30042046C /* GeoCodingViewController.swift */; };
		3FF63C662B179ADE0081FFD2 /* LogoutResponse.swift in Sources */ = {isa = PBXBuildFile; fileRef = 3FF63C652B179ADE0081FFD2 /* LogoutResponse.swift */; };
		3FF63C682B17AD5F0081FFD2 /* UserData.swift in Sources */ = {isa = PBXBuildFile; fileRef = 3FF63C672B17AD5F0081FFD2 /* UserData.swift */; };
		3FF63C6A2B17FAB80081FFD2 /* PostLocationResponse.swift in Sources */ = {isa = PBXBuildFile; fileRef = 3FF63C692B17FAB80081FFD2 /* PostLocationResponse.swift */; };
		3FF63C6C2B18005B0081FFD2 /* PostStudentLocation.swift in Sources */ = {isa = PBXBuildFile; fileRef = 3FF63C6B2B18005B0081FFD2 /* PostStudentLocation.swift */; };
		3FF63C6E2B1804C20081FFD2 /* UpdateLocationResponse.swift in Sources */ = {isa = PBXBuildFile; fileRef = 3FF63C6D2B1804C20081FFD2 /* UpdateLocationResponse.swift */; };
/* End PBXBuildFile section */

/* Begin PBXFileReference section */
		3F26CFE12B15470C002BB761 /* StudentLocation.swift */ = {isa = PBXFileReference; lastKnownFileType = sourcecode.swift; path = StudentLocation.swift; sourceTree = "<group>"; };
		3F26CFE32B154A7C002BB761 /* MapViewController.swift */ = {isa = PBXFileReference; lastKnownFileType = sourcecode.swift; path = MapViewController.swift; sourceTree = "<group>"; };
		3F26CFE52B154A96002BB761 /* LocationListViewController.swift */ = {isa = PBXFileReference; lastKnownFileType = sourcecode.swift; path = LocationListViewController.swift; sourceTree = "<group>"; };
		3F26CFE72B155518002BB761 /* PostingViewController.swift */ = {isa = PBXFileReference; lastKnownFileType = sourcecode.swift; path = PostingViewController.swift; sourceTree = "<group>"; };
		3F7AFCB02B1E7818001883C5 /* UserSessionManager.swift */ = {isa = PBXFileReference; lastKnownFileType = sourcecode.swift; path = UserSessionManager.swift; sourceTree = "<group>"; };
		3F9336632B166376005F28F3 /* UdacityClient.swift */ = {isa = PBXFileReference; lastKnownFileType = sourcecode.swift; path = UdacityClient.swift; sourceTree = "<group>"; };
		3F9336682B1692E2005F28F3 /* SessionRequest.swift */ = {isa = PBXFileReference; lastKnownFileType = sourcecode.swift; path = SessionRequest.swift; sourceTree = "<group>"; };
		3F93366A2B1693AA005F28F3 /* SessionResponse.swift */ = {isa = PBXFileReference; lastKnownFileType = sourcecode.swift; path = SessionResponse.swift; sourceTree = "<group>"; };
		3FB24FBA2B18FFFE00543F50 /* DataManager.swift */ = {isa = PBXFileReference; lastKnownFileType = sourcecode.swift; path = DataManager.swift; sourceTree = "<group>"; };
		3FB24FBD2B196BAF00543F50 /* StudentInformationResponse.swift */ = {isa = PBXFileReference; lastKnownFileType = sourcecode.swift; path = StudentInformationResponse.swift; sourceTree = "<group>"; };
		3FB389452B0D4326006CAD3E /* OnTheMap.app */ = {isa = PBXFileReference; explicitFileType = wrapper.application; includeInIndex = 0; path = OnTheMap.app; sourceTree = BUILT_PRODUCTS_DIR; };
		3FB389482B0D4326006CAD3E /* AppDelegate.swift */ = {isa = PBXFileReference; lastKnownFileType = sourcecode.swift; path = AppDelegate.swift; sourceTree = "<group>"; };
		3FB3894A2B0D4326006CAD3E /* SceneDelegate.swift */ = {isa = PBXFileReference; lastKnownFileType = sourcecode.swift; path = SceneDelegate.swift; sourceTree = "<group>"; };
		3FB3894C2B0D4326006CAD3E /* ViewController.swift */ = {isa = PBXFileReference; lastKnownFileType = sourcecode.swift; path = ViewController.swift; sourceTree = "<group>"; };
		3FB3894F2B0D4326006CAD3E /* Base */ = {isa = PBXFileReference; lastKnownFileType = file.storyboard; name = Base; path = Base.lproj/Main.storyboard; sourceTree = "<group>"; };
		3FB389512B0D4328006CAD3E /* Assets.xcassets */ = {isa = PBXFileReference; lastKnownFileType = folder.assetcatalog; path = Assets.xcassets; sourceTree = "<group>"; };
		3FB389542B0D4328006CAD3E /* Base */ = {isa = PBXFileReference; lastKnownFileType = file.storyboard; name = Base; path = Base.lproj/LaunchScreen.storyboard; sourceTree = "<group>"; };
		3FB389562B0D4328006CAD3E /* Info.plist */ = {isa = PBXFileReference; lastKnownFileType = text.plist.xml; path = Info.plist; sourceTree = "<group>"; };
		3FB3895F2B0E8235006CAD3E /* LoginViewController.swift */ = {isa = PBXFileReference; lastKnownFileType = sourcecode.swift; path = LoginViewController.swift; sourceTree = "<group>"; };
		3FB389612B0E8495006CAD3E /* earth.png */ = {isa = PBXFileReference; lastKnownFileType = image.png; path = earth.png; sourceTree = "<group>"; };
		3FECDE6C2B164CB30042046C /* GeoCodingViewController.swift */ = {isa = PBXFileReference; lastKnownFileType = sourcecode.swift; path = GeoCodingViewController.swift; sourceTree = "<group>"; };
		3FF63C652B179ADE0081FFD2 /* LogoutResponse.swift */ = {isa = PBXFileReference; lastKnownFileType = sourcecode.swift; path = LogoutResponse.swift; sourceTree = "<group>"; };
		3FF63C672B17AD5F0081FFD2 /* UserData.swift */ = {isa = PBXFileReference; lastKnownFileType = sourcecode.swift; path = UserData.swift; sourceTree = "<group>"; };
		3FF63C692B17FAB80081FFD2 /* PostLocationResponse.swift */ = {isa = PBXFileReference; lastKnownFileType = sourcecode.swift; path = PostLocationResponse.swift; sourceTree = "<group>"; };
		3FF63C6B2B18005B0081FFD2 /* PostStudentLocation.swift */ = {isa = PBXFileReference; lastKnownFileType = sourcecode.swift; path = PostStudentLocation.swift; sourceTree = "<group>"; };
		3FF63C6D2B1804C20081FFD2 /* UpdateLocationResponse.swift */ = {isa = PBXFileReference; lastKnownFileType = sourcecode.swift; path = UpdateLocationResponse.swift; sourceTree = "<group>"; };
/* End PBXFileReference section */

/* Begin PBXFrameworksBuildPhase section */
		3FB389422B0D4326006CAD3E /* Frameworks */ = {
			isa = PBXFrameworksBuildPhase;
			buildActionMask = 2147483647;
			files = (
			);
			runOnlyForDeploymentPostprocessing = 0;
		};
/* End PBXFrameworksBuildPhase section */

/* Begin PBXGroup section */
		3F9336652B169274005F28F3 /* Requests */ = {
			isa = PBXGroup;
			children = (
				3F9336682B1692E2005F28F3 /* SessionRequest.swift */,
				3FF63C6B2B18005B0081FFD2 /* PostStudentLocation.swift */,
			);
			name = Requests;
			sourceTree = "<group>";
		};
		3F9336662B169287005F28F3 /* Responses */ = {
			isa = PBXGroup;
			children = (
				3F26CFE12B15470C002BB761 /* StudentLocation.swift */,
				3F93366A2B1693AA005F28F3 /* SessionResponse.swift */,
				3FF63C652B179ADE0081FFD2 /* LogoutResponse.swift */,
				3FF63C672B17AD5F0081FFD2 /* UserData.swift */,
				3FF63C692B17FAB80081FFD2 /* PostLocationResponse.swift */,
				3FF63C6D2B1804C20081FFD2 /* UpdateLocationResponse.swift */,
				3FB24FBD2B196BAF00543F50 /* StudentInformationResponse.swift */,
			);
			name = Responses;
			sourceTree = "<group>";
		};
		3F9336672B169296005F28F3 /* Client */ = {
			isa = PBXGroup;
			children = (
				3F9336632B166376005F28F3 /* UdacityClient.swift */,
			);
			name = Client;
			sourceTree = "<group>";
		};
		3FB24FBC2B19000800543F50 /* Data */ = {
			isa = PBXGroup;
			children = (
				3FB24FBA2B18FFFE00543F50 /* DataManager.swift */,
				3F7AFCB02B1E7818001883C5 /* UserSessionManager.swift */,
			);
			name = Data;
			sourceTree = "<group>";
		};
		3FB3893C2B0D4326006CAD3E = {
			isa = PBXGroup;
			children = (
				3FB389472B0D4326006CAD3E /* OnTheMap */,
				3FB389462B0D4326006CAD3E /* Products */,
			);
			sourceTree = "<group>";
		};
		3FB389462B0D4326006CAD3E /* Products */ = {
			isa = PBXGroup;
			children = (
				3FB389452B0D4326006CAD3E /* OnTheMap.app */,
			);
			name = Products;
			sourceTree = "<group>";
		};
		3FB389472B0D4326006CAD3E /* OnTheMap */ = {
			isa = PBXGroup;
			children = (
				3FB3895C2B0D4339006CAD3E /* Model */,
				3FB3895E2B0E81FE006CAD3E /* View */,
				3FB3895D2B0E81ED006CAD3E /* Controller */,
				3FB389482B0D4326006CAD3E /* AppDelegate.swift */,
				3FB3894A2B0D4326006CAD3E /* SceneDelegate.swift */,
				3FB3894E2B0D4326006CAD3E /* Main.storyboard */,
				3FB389512B0D4328006CAD3E /* Assets.xcassets */,
				3FB389612B0E8495006CAD3E /* earth.png */,
				3FB389532B0D4328006CAD3E /* LaunchScreen.storyboard */,
				3FB389562B0D4328006CAD3E /* Info.plist */,
			);
			path = OnTheMap;
			sourceTree = "<group>";
		};
		3FB3895C2B0D4339006CAD3E /* Model */ = {
			isa = PBXGroup;
			children = (
				3FB24FBC2B19000800543F50 /* Data */,
				3F9336672B169296005F28F3 /* Client */,
				3F9336662B169287005F28F3 /* Responses */,
				3F9336652B169274005F28F3 /* Requests */,
			);
			name = Model;
			sourceTree = "<group>";
		};
		3FB3895D2B0E81ED006CAD3E /* Controller */ = {
			isa = PBXGroup;
			children = (
				3FB3894C2B0D4326006CAD3E /* ViewController.swift */,
				3FB3895F2B0E8235006CAD3E /* LoginViewController.swift */,
				3F26CFE32B154A7C002BB761 /* MapViewController.swift */,
				3F26CFE52B154A96002BB761 /* LocationListViewController.swift */,
				3F26CFE72B155518002BB761 /* PostingViewController.swift */,
				3FECDE6C2B164CB30042046C /* GeoCodingViewController.swift */,
			);
			path = Controller;
			sourceTree = "<group>";
		};
		3FB3895E2B0E81FE006CAD3E /* View */ = {
			isa = PBXGroup;
			children = (
			);
			name = View;
			path = Controller;
			sourceTree = "<group>";
		};
/* End PBXGroup section */

/* Begin PBXNativeTarget section */
		3FB389442B0D4326006CAD3E /* OnTheMap */ = {
			isa = PBXNativeTarget;
			buildConfigurationList = 3FB389592B0D4328006CAD3E /* Build configuration list for PBXNativeTarget "OnTheMap" */;
			buildPhases = (
				3FB389412B0D4326006CAD3E /* Sources */,
				3FB389422B0D4326006CAD3E /* Frameworks */,
				3FB389432B0D4326006CAD3E /* Resources */,
			);
			buildRules = (
			);
			dependencies = (
			);
			name = OnTheMap;
			productName = OnTheMap;
			productReference = 3FB389452B0D4326006CAD3E /* OnTheMap.app */;
			productType = "com.apple.product-type.application";
		};
/* End PBXNativeTarget section */

/* Begin PBXProject section */
		3FB3893D2B0D4326006CAD3E /* Project object */ = {
			isa = PBXProject;
			attributes = {
				BuildIndependentTargetsInParallel = 1;
				LastSwiftUpdateCheck = 1400;
				LastUpgradeCheck = 1400;
				TargetAttributes = {
					3FB389442B0D4326006CAD3E = {
						CreatedOnToolsVersion = 14.0;
					};
				};
			};
			buildConfigurationList = 3FB389402B0D4326006CAD3E /* Build configuration list for PBXProject "OnTheMap" */;
			compatibilityVersion = "Xcode 14.0";
			developmentRegion = en;
			hasScannedForEncodings = 0;
			knownRegions = (
				en,
				Base,
			);
			mainGroup = 3FB3893C2B0D4326006CAD3E;
			productRefGroup = 3FB389462B0D4326006CAD3E /* Products */;
			projectDirPath = "";
			projectRoot = "";
			targets = (
				3FB389442B0D4326006CAD3E /* OnTheMap */,
			);
		};
/* End PBXProject section */

/* Begin PBXResourcesBuildPhase section */
		3FB389432B0D4326006CAD3E /* Resources */ = {
			isa = PBXResourcesBuildPhase;
			buildActionMask = 2147483647;
			files = (
				3FB389622B0E8495006CAD3E /* earth.png in Resources */,
				3FB389552B0D4328006CAD3E /* LaunchScreen.storyboard in Resources */,
				3FB389522B0D4328006CAD3E /* Assets.xcassets in Resources */,
				3FB389502B0D4326006CAD3E /* Main.storyboard in Resources */,
			);
			runOnlyForDeploymentPostprocessing = 0;
		};
/* End PBXResourcesBuildPhase section */

/* Begin PBXSourcesBuildPhase section */
		3FB389412B0D4326006CAD3E /* Sources */ = {
			isa = PBXSourcesBuildPhase;
			buildActionMask = 2147483647;
			files = (
				3F9336642B166376005F28F3 /* UdacityClient.swift in Sources */,
				3FF63C6E2B1804C20081FFD2 /* UpdateLocationResponse.swift in Sources */,
				3FB389602B0E8235006CAD3E /* LoginViewController.swift in Sources */,
				3FF63C682B17AD5F0081FFD2 /* UserData.swift in Sources */,
				3FECDE6D2B164CB30042046C /* GeoCodingViewController.swift in Sources */,
				3F26CFE82B155518002BB761 /* PostingViewController.swift in Sources */,
				3FB24FBE2B196BAF00543F50 /* StudentInformationResponse.swift in Sources */,
				3FF63C6A2B17FAB80081FFD2 /* PostLocationResponse.swift in Sources */,
				3FB24FBB2B18FFFE00543F50 /* DataManager.swift in Sources */,
				3FF63C662B179ADE0081FFD2 /* LogoutResponse.swift in Sources */,
				3FB3894D2B0D4326006CAD3E /* ViewController.swift in Sources */,
				3FB389492B0D4326006CAD3E /* AppDelegate.swift in Sources */,
				3F26CFE22B15470C002BB761 /* StudentLocation.swift in Sources */,
				3F7AFCB12B1E7818001883C5 /* UserSessionManager.swift in Sources */,
				3FF63C6C2B18005B0081FFD2 /* PostStudentLocation.swift in Sources */,
				3F26CFE42B154A7C002BB761 /* MapViewController.swift in Sources */,
				3FB3894B2B0D4326006CAD3E /* SceneDelegate.swift in Sources */,
				3F9336692B1692E2005F28F3 /* SessionRequest.swift in Sources */,
				3F26CFE62B154A96002BB761 /* LocationListViewController.swift in Sources */,
				3F93366B2B1693AA005F28F3 /* SessionResponse.swift in Sources */,
			);
			runOnlyForDeploymentPostprocessing = 0;
		};
/* End PBXSourcesBuildPhase section */

/* Begin PBXVariantGroup section */
		3FB3894E2B0D4326006CAD3E /* Main.storyboard */ = {
			isa = PBXVariantGroup;
			children = (
				3FB3894F2B0D4326006CAD3E /* Base */,
			);
			name = Main.storyboard;
			sourceTree = "<group>";
		};
		3FB389532B0D4328006CAD3E /* LaunchScreen.storyboard */ = {
			isa = PBXVariantGroup;
			children = (
				3FB389542B0D4328006CAD3E /* Base */,
			);
			name = LaunchScreen.storyboard;
			sourceTree = "<group>";
		};
/* End PBXVariantGroup section */

/* Begin XCBuildConfiguration section */
		3FB389572B0D4328006CAD3E /* Debug */ = {
			isa = XCBuildConfiguration;
			buildSettings = {
				ALWAYS_SEARCH_USER_PATHS = NO;
				CLANG_ANALYZER_NONNULL = YES;
				CLANG_ANALYZER_NUMBER_OBJECT_CONVERSION = YES_AGGRESSIVE;
				CLANG_CXX_LANGUAGE_STANDARD = "gnu++20";
				CLANG_ENABLE_MODULES = YES;
				CLANG_ENABLE_OBJC_ARC = YES;
				CLANG_ENABLE_OBJC_WEAK = YES;
				CLANG_WARN_BLOCK_CAPTURE_AUTORELEASING = YES;
				CLANG_WARN_BOOL_CONVERSION = YES;
				CLANG_WARN_COMMA = YES;
				CLANG_WARN_CONSTANT_CONVERSION = YES;
				CLANG_WARN_DEPRECATED_OBJC_IMPLEMENTATIONS = YES;
				CLANG_WARN_DIRECT_OBJC_ISA_USAGE = YES_ERROR;
				CLANG_WARN_DOCUMENTATION_COMMENTS = YES;
				CLANG_WARN_EMPTY_BODY = YES;
				CLANG_WARN_ENUM_CONVERSION = YES;
				CLANG_WARN_INFINITE_RECURSION = YES;
				CLANG_WARN_INT_CONVERSION = YES;
				CLANG_WARN_NON_LITERAL_NULL_CONVERSION = YES;
				CLANG_WARN_OBJC_IMPLICIT_RETAIN_SELF = YES;
				CLANG_WARN_OBJC_LITERAL_CONVERSION = YES;
				CLANG_WARN_OBJC_ROOT_CLASS = YES_ERROR;
				CLANG_WARN_QUOTED_INCLUDE_IN_FRAMEWORK_HEADER = YES;
				CLANG_WARN_RANGE_LOOP_ANALYSIS = YES;
				CLANG_WARN_STRICT_PROTOTYPES = YES;
				CLANG_WARN_SUSPICIOUS_MOVE = YES;
				CLANG_WARN_UNGUARDED_AVAILABILITY = YES_AGGRESSIVE;
				CLANG_WARN_UNREACHABLE_CODE = YES;
				CLANG_WARN__DUPLICATE_METHOD_MATCH = YES;
				COPY_PHASE_STRIP = NO;
				DEBUG_INFORMATION_FORMAT = dwarf;
				ENABLE_STRICT_OBJC_MSGSEND = YES;
				ENABLE_TESTABILITY = YES;
				GCC_C_LANGUAGE_STANDARD = gnu11;
				GCC_DYNAMIC_NO_PIC = NO;
				GCC_NO_COMMON_BLOCKS = YES;
				GCC_OPTIMIZATION_LEVEL = 0;
				GCC_PREPROCESSOR_DEFINITIONS = (
					"DEBUG=1",
					"$(inherited)",
				);
				GCC_WARN_64_TO_32_BIT_CONVERSION = YES;
				GCC_WARN_ABOUT_RETURN_TYPE = YES_ERROR;
				GCC_WARN_UNDECLARED_SELECTOR = YES;
				GCC_WARN_UNINITIALIZED_AUTOS = YES_AGGRESSIVE;
				GCC_WARN_UNUSED_FUNCTION = YES;
				GCC_WARN_UNUSED_VARIABLE = YES;
				IPHONEOS_DEPLOYMENT_TARGET = 16.0;
				MTL_ENABLE_DEBUG_INFO = INCLUDE_SOURCE;
				MTL_FAST_MATH = YES;
				ONLY_ACTIVE_ARCH = YES;
				SDKROOT = iphoneos;
				SWIFT_ACTIVE_COMPILATION_CONDITIONS = DEBUG;
				SWIFT_OPTIMIZATION_LEVEL = "-Onone";
			};
			name = Debug;
		};
		3FB389582B0D4328006CAD3E /* Release */ = {
			isa = XCBuildConfiguration;
			buildSettings = {
				ALWAYS_SEARCH_USER_PATHS = NO;
				CLANG_ANALYZER_NONNULL = YES;
				CLANG_ANALYZER_NUMBER_OBJECT_CONVERSION = YES_AGGRESSIVE;
				CLANG_CXX_LANGUAGE_STANDARD = "gnu++20";
				CLANG_ENABLE_MODULES = YES;
				CLANG_ENABLE_OBJC_ARC = YES;
				CLANG_ENABLE_OBJC_WEAK = YES;
				CLANG_WARN_BLOCK_CAPTURE_AUTORELEASING = YES;
				CLANG_WARN_BOOL_CONVERSION = YES;
				CLANG_WARN_COMMA = YES;
				CLANG_WARN_CONSTANT_CONVERSION = YES;
				CLANG_WARN_DEPRECATED_OBJC_IMPLEMENTATIONS = YES;
				CLANG_WARN_DIRECT_OBJC_ISA_USAGE = YES_ERROR;
				CLANG_WARN_DOCUMENTATION_COMMENTS = YES;
				CLANG_WARN_EMPTY_BODY = YES;
				CLANG_WARN_ENUM_CONVERSION = YES;
				CLANG_WARN_INFINITE_RECURSION = YES;
				CLANG_WARN_INT_CONVERSION = YES;
				CLANG_WARN_NON_LITERAL_NULL_CONVERSION = YES;
				CLANG_WARN_OBJC_IMPLICIT_RETAIN_SELF = YES;
				CLANG_WARN_OBJC_LITERAL_CONVERSION = YES;
				CLANG_WARN_OBJC_ROOT_CLASS = YES_ERROR;
				CLANG_WARN_QUOTED_INCLUDE_IN_FRAMEWORK_HEADER = YES;
				CLANG_WARN_RANGE_LOOP_ANALYSIS = YES;
				CLANG_WARN_STRICT_PROTOTYPES = YES;
				CLANG_WARN_SUSPICIOUS_MOVE = YES;
				CLANG_WARN_UNGUARDED_AVAILABILITY = YES_AGGRESSIVE;
				CLANG_WARN_UNREACHABLE_CODE = YES;
				CLANG_WARN__DUPLICATE_METHOD_MATCH = YES;
				COPY_PHASE_STRIP = NO;
				DEBUG_INFORMATION_FORMAT = "dwarf-with-dsym";
				ENABLE_NS_ASSERTIONS = NO;
				ENABLE_STRICT_OBJC_MSGSEND = YES;
				GCC_C_LANGUAGE_STANDARD = gnu11;
				GCC_NO_COMMON_BLOCKS = YES;
				GCC_WARN_64_TO_32_BIT_CONVERSION = YES;
				GCC_WARN_ABOUT_RETURN_TYPE = YES_ERROR;
				GCC_WARN_UNDECLARED_SELECTOR = YES;
				GCC_WARN_UNINITIALIZED_AUTOS = YES_AGGRESSIVE;
				GCC_WARN_UNUSED_FUNCTION = YES;
				GCC_WARN_UNUSED_VARIABLE = YES;
				IPHONEOS_DEPLOYMENT_TARGET = 16.0;
				MTL_ENABLE_DEBUG_INFO = NO;
				MTL_FAST_MATH = YES;
				SDKROOT = iphoneos;
				SWIFT_COMPILATION_MODE = wholemodule;
				SWIFT_OPTIMIZATION_LEVEL = "-O";
				VALIDATE_PRODUCT = YES;
			};
			name = Release;
		};
		3FB3895A2B0D4328006CAD3E /* Debug */ = {
			isa = XCBuildConfiguration;
			buildSettings = {
				ASSETCATALOG_COMPILER_APPICON_NAME = AppIcon;
				ASSETCATALOG_COMPILER_GLOBAL_ACCENT_COLOR_NAME = AccentColor;
				CODE_SIGN_STYLE = Automatic;
				CURRENT_PROJECT_VERSION = 1;
				DEVELOPMENT_TEAM = 49FZ53KNL9;
				GENERATE_INFOPLIST_FILE = YES;
				INFOPLIST_FILE = OnTheMap/Info.plist;
				INFOPLIST_KEY_UIApplicationSupportsIndirectInputEvents = YES;
				INFOPLIST_KEY_UILaunchStoryboardName = LaunchScreen;
				INFOPLIST_KEY_UIMainStoryboardFile = Main;
				INFOPLIST_KEY_UISupportedInterfaceOrientations_iPad = "UIInterfaceOrientationPortrait UIInterfaceOrientationPortraitUpsideDown UIInterfaceOrientationLandscapeLeft UIInterfaceOrientationLandscapeRight";
				INFOPLIST_KEY_UISupportedInterfaceOrientations_iPhone = "UIInterfaceOrientationPortrait UIInterfaceOrientationLandscapeLeft UIInterfaceOrientationLandscapeRight";
				LD_RUNPATH_SEARCH_PATHS = (
					"$(inherited)",
					"@executable_path/Frameworks",
				);
				MARKETING_VERSION = 1.0;
				PRODUCT_BUNDLE_IDENTIFIER = com.matson.OnTheMap;
				PRODUCT_NAME = "$(TARGET_NAME)";
				SWIFT_EMIT_LOC_STRINGS = YES;
				SWIFT_VERSION = 5.0;
				TARGETED_DEVICE_FAMILY = "1,2";
			};
			name = Debug;
		};
		3FB3895B2B0D4328006CAD3E /* Release */ = {
			isa = XCBuildConfiguration;
			buildSettings = {
				ASSETCATALOG_COMPILER_APPICON_NAME = AppIcon;
				ASSETCATALOG_COMPILER_GLOBAL_ACCENT_COLOR_NAME = AccentColor;
				CODE_SIGN_STYLE = Automatic;
				CURRENT_PROJECT_VERSION = 1;
				DEVELOPMENT_TEAM = 49FZ53KNL9;
				GENERATE_INFOPLIST_FILE = YES;
				INFOPLIST_FILE = OnTheMap/Info.plist;
				INFOPLIST_KEY_UIApplicationSupportsIndirectInputEvents = YES;
				INFOPLIST_KEY_UILaunchStoryboardName = LaunchScreen;
				INFOPLIST_KEY_UIMainStoryboardFile = Main;
				INFOPLIST_KEY_UISupportedInterfaceOrientations_iPad = "UIInterfaceOrientationPortrait UIInterfaceOrientationPortraitUpsideDown UIInterfaceOrientationLandscapeLeft UIInterfaceOrientationLandscapeRight";
				INFOPLIST_KEY_UISupportedInterfaceOrientations_iPhone = "UIInterfaceOrientationPortrait UIInterfaceOrientationLandscapeLeft UIInterfaceOrientationLandscapeRight";
				LD_RUNPATH_SEARCH_PATHS = (
					"$(inherited)",
					"@executable_path/Frameworks",
				);
				MARKETING_VERSION = 1.0;
				PRODUCT_BUNDLE_IDENTIFIER = com.matson.OnTheMap;
				PRODUCT_NAME = "$(TARGET_NAME)";
				SWIFT_EMIT_LOC_STRINGS = YES;
				SWIFT_VERSION = 5.0;
				TARGETED_DEVICE_FAMILY = "1,2";
			};
			name = Release;
		};
/* End XCBuildConfiguration section */

/* Begin XCConfigurationList section */
		3FB389402B0D4326006CAD3E /* Build configuration list for PBXProject "OnTheMap" */ = {
			isa = XCConfigurationList;
			buildConfigurations = (
				3FB389572B0D4328006CAD3E /* Debug */,
				3FB389582B0D4328006CAD3E /* Release */,
			);
			defaultConfigurationIsVisible = 0;
			defaultConfigurationName = Release;
		};
		3FB389592B0D4328006CAD3E /* Build configuration list for PBXNativeTarget "OnTheMap" */ = {
			isa = XCConfigurationList;
			buildConfigurations = (
				3FB3895A2B0D4328006CAD3E /* Debug */,
				3FB3895B2B0D4328006CAD3E /* Release */,
			);
			defaultConfigurationIsVisible = 0;
			defaultConfigurationName = Release;
		};
/* End XCConfigurationList section */
	};
	rootObject = 3FB3893D2B0D4326006CAD3E /* Project object */;
}
